github.com/aleksiaichuk-innowise/inno_taxi/shared v0.0.0-20260827101043-ff1ceb233000 h1:zqyFdvLoDfcNsphyuULmgjNdf5RM+7UM2Aqr6J3Ftb4=
github.com/aleksiaichuk-innowise/inno_taxi/shared v0.0.0-20260827101043-ff1ceb233000/go.mod h1:Lh+pKdeAKIj7WCOM3CuhNMVzQQM+ifti4m1/17PiFZs=
github.com/joho/godotenv v1.5.1 h1:7eLL/+HRGLY0ldzfGMeQkb7vMd0as4CfYvUVzLqw0N0=
github.com/joho/godotenv v1.5.1/go.mod h1:f4LDr5Voq0i2e/R5DDNOoa2zzDfwtkZa6DnEwAbqwq4=
